
Microsoft Visual Studio Solution File, Format Version 12.00
# Visual Studio Version 16
VisualStudioVersion = 16.0.32126.315
MinimumVisualStudioVersion = 10.0.40219.1
Project("{FAE04EC0-301F-11D3-BF4B-00C04F79EFBC}") = "PopeyeJar", "PopeyeJar\PopeyeJar.csproj", "{1879846C-ADF5-4D66-A695-471F2258810E}"
EndProject
Global
	GlobalSection(SolutionConfigurationPlatforms) = preSolution
		Debug|Any CPU = Debug|Any CPU
		Release|Any CPU = Release|Any CPU
	EndGlobalSection
	GlobalSection(ProjectConfigurationPlatforms) = postSolution
		{1879846C-ADF5-4D66-A695-471F2258810E}.Debug|Any CPU.ActiveCfg = Debug|Any CPU
		{1879846C-ADF5-4D66-A695-471F2258810E}.Debug|Any CPU.Build.0 = Debug|Any CPU
		{1879846C-ADF5-4D66-A695-471F2258810E}.Release|Any CPU.ActiveCfg = Release|Any CPU
		{1879846C-ADF5-4D66-A695-471F2258810E}.Release|Any CPU.Build.0 = Release|Any CPU
	EndGlobalSection
	GlobalSection(SolutionProperties) = preSolution
		HideSolutionNode = FALSE
	EndGlobalSection
	GlobalSection(ExtensibilityGlobals) = postSolution
		SolutionGuid = {D4342C48-CACE-4EE9-85F2-3B9E43813AF0}
	EndGlobalSection
EndGlobal
